
Microsoft Visual Studio Solution File, Format Version 12.00
# Visual Studio Version 17
VisualStudioVersion = 17.10.35027.167
MinimumVisualStudioVersion = 10.0.40219.1
Project("{9A19103F-16F7-4668-BE54-9A1E7A4F7556}") = "ECommerce.UserService", "ECommerce.UserService.csproj", "{F130CBDB-CFE5-413C-BAE7-21E5B87F6E16}"
EndProject
Project("{9A19103F-16F7-4668-BE54-9A1E7A4F7556}") = "ECommerce.UserService.BusinessLogic", "..\ECommerce.UserService.BusinessLogic\ECommerce.UserService.BusinessLogic.csproj", "{5337ED63-0083-4049-A6DD-B625BF02B194}"
EndProject
Project("{9A19103F-16F7-4668-BE54-9A1E7A4F7556}") = "ECommerce.UserService.DataAccess", "..\ECommerce.UserService.DataAccess\ECommerce.UserService.DataAccess.csproj", "{D8FDA8D1-7FF6-4905-92EA-146484C11D10}"
EndProject
Project("{9A19103F-16F7-4668-BE54-9A1E7A4F7556}") = "ECommerce.UserService.Utility", "..\ECommerce.UserService.Utility\ECommerce.UserService.Utility.csproj", "{50872CC6-5F18-4811-8460-706359B3EBF8}"
EndProject
Project("{9A19103F-16F7-4668-BE54-9A1E7A4F7556}") = "ECommerce.UserService.Models", "..\ECommerce.UserService.Model\ECommerce.UserService.Models.csproj", "{78C16786-6AC5-4F35-AE90-920CBB87AD18}"
EndProject
Global
	GlobalSection(SolutionConfigurationPlatforms) = preSolution
		Debug|Any CPU = Debug|Any CPU
		Release|Any CPU = Release|Any CPU
	EndGlobalSection
	GlobalSection(ProjectConfigurationPlatforms) = postSolution
		{F130CBDB-CFE5-413C-BAE7-21E5B87F6E16}.Debug|Any CPU.ActiveCfg = Debug|Any CPU
		{F130CBDB-CFE5-413C-BAE7-21E5B87F6E16}.Debug|Any CPU.Build.0 = Debug|Any CPU
		{F130CBDB-CFE5-413C-BAE7-21E5B87F6E16}.Release|Any CPU.ActiveCfg = Release|Any CPU
		{F130CBDB-CFE5-413C-BAE7-21E5B87F6E16}.Release|Any CPU.Build.0 = Release|Any CPU
		{5337ED63-0083-4049-A6DD-B625BF02B194}.Debug|Any CPU.ActiveCfg = Debug|Any CPU
		{5337ED63-0083-4049-A6DD-B625BF02B194}.Debug|Any CPU.Build.0 = Debug|Any CPU
		{5337ED63-0083-4049-A6DD-B625BF02B194}.Release|Any CPU.ActiveCfg = Release|Any CPU
		{5337ED63-0083-4049-A6DD-B625BF02B194}.Release|Any CPU.Build.0 = Release|Any CPU
		{D8FDA8D1-7FF6-4905-92EA-146484C11D10}.Debug|Any CPU.ActiveCfg = Debug|Any CPU
		{D8FDA8D1-7FF6-4905-92EA-146484C11D10}.Debug|Any CPU.Build.0 = Debug|Any CPU
		{D8FDA8D1-7FF6-4905-92EA-146484C11D10}.Release|Any CPU.ActiveCfg = Release|Any CPU
		{D8FDA8D1-7FF6-4905-92EA-146484C11D10}.Release|Any CPU.Build.0 = Release|Any CPU
		{50872CC6-5F18-4811-8460-706359B3EBF8}.Debug|Any CPU.ActiveCfg = Debug|Any CPU
		{50872CC6-5F18-4811-8460-706359B3EBF8}.Debug|Any CPU.Build.0 = Debug|Any CPU
		{50872CC6-5F18-4811-8460-706359B3EBF8}.Release|Any CPU.ActiveCfg = Release|Any CPU
		{50872CC6-5F18-4811-8460-706359B3EBF8}.Release|Any CPU.Build.0 = Release|Any CPU
		{78C16786-6AC5-4F35-AE90-920CBB87AD18}.Debug|Any CPU.ActiveCfg = Debug|Any CPU
		{78C16786-6AC5-4F35-AE90-920CBB87AD18}.Debug|Any CPU.Build.0 = Debug|Any CPU
		{78C16786-6AC5-4F35-AE90-920CBB87AD18}.Release|Any CPU.ActiveCfg = Release|Any CPU
		{78C16786-6AC5-4F35-AE90-920CBB87AD18}.Release|Any CPU.Build.0 = Release|Any CPU
	EndGlobalSection
	GlobalSection(SolutionProperties) = preSolution
		HideSolutionNode = FALSE
	EndGlobalSection
	GlobalSection(ExtensibilityGlobals) = postSolution
		SolutionGuid = {3BB68B8C-7542-4E2F-8F4C-7E66E333FA66}
	EndGlobalSection
EndGlobal
